
Microsoft Visual Studio Solution File, Format Version 12.00
# Visual Studio Version 16
VisualStudioVersion = 16.0.29920.165
MinimumVisualStudioVersion = 10.0.40219.1
Project("{FAE04EC0-301F-11D3-BF4B-00C04F79EFBC}") = "PCálculos", "PCálculos\PCálculos.csproj", "{E94F13D1-046C-485F-990C-882D390C61DE}"
EndProject
Global
	GlobalSection(SolutionConfigurationPlatforms) = preSolution
		Debug|Any CPU = Debug|Any CPU
		Release|Any CPU = Release|Any CPU
	EndGlobalSection
	GlobalSection(ProjectConfigurationPlatforms) = postSolution
		{E94F13D1-046C-485F-990C-882D390C61DE}.Debug|Any CPU.ActiveCfg = Debug|Any CPU
		{E94F13D1-046C-485F-990C-882D390C61DE}.Debug|Any CPU.Build.0 = Debug|Any CPU
		{E94F13D1-046C-485F-990C-882D390C61DE}.Release|Any CPU.ActiveCfg = Release|Any CPU
		{E94F13D1-046C-485F-990C-882D390C61DE}.Release|Any CPU.Build.0 = Release|Any CPU
	EndGlobalSection
	GlobalSection(SolutionProperties) = preSolution
		HideSolutionNode = FALSE
	EndGlobalSection
	GlobalSection(ExtensibilityGlobals) = postSolution
		SolutionGuid = {A68F292B-B380-423E-B607-EB4252316046}
	EndGlobalSection
EndGlobal
