
Microsoft Visual Studio Solution File, Format Version 12.00
# Visual Studio Version 16
VisualStudioVersion = 16.0.30011.22
MinimumVisualStudioVersion = 10.0.40219.1
Project("{FAE04EC0-301F-11D3-BF4B-00C04F79EFBC}") = "Atividade6", "Atividade6\Atividade6.csproj", "{7A07C9B4-ED9B-4CD7-B133-7DC0A5A53FE5}"
EndProject
Global
	GlobalSection(SolutionConfigurationPlatforms) = preSolution
		Debug|Any CPU = Debug|Any CPU
		Release|Any CPU = Release|Any CPU
	EndGlobalSection
	GlobalSection(ProjectConfigurationPlatforms) = postSolution
		{7A07C9B4-ED9B-4CD7-B133-7DC0A5A53FE5}.Debug|Any CPU.ActiveCfg = Debug|Any CPU
		{7A07C9B4-ED9B-4CD7-B133-7DC0A5A53FE5}.Debug|Any CPU.Build.0 = Debug|Any CPU
		{7A07C9B4-ED9B-4CD7-B133-7DC0A5A53FE5}.Release|Any CPU.ActiveCfg = Release|Any CPU
		{7A07C9B4-ED9B-4CD7-B133-7DC0A5A53FE5}.Release|Any CPU.Build.0 = Release|Any CPU
	EndGlobalSection
	GlobalSection(SolutionProperties) = preSolution
		HideSolutionNode = FALSE
	EndGlobalSection
	GlobalSection(ExtensibilityGlobals) = postSolution
		SolutionGuid = {5412D0FA-1B75-424F-BC80-3087BA03F696}
	EndGlobalSection
EndGlobal
